
Microsoft Visual Studio Solution File, Format Version 9.00
# Visual Studio 2005
Project("{FAE04EC0-301F-11D3-BF4B-00C04F79EFBC}") = "Memory2009", "Memory2009\Memory2009.csproj", "{2EF0D838-D9F1-4787-A513-2383B2FEB63F}"
EndProject
Global
	GlobalSection(SolutionConfigurationPlatforms) = preSolution
		Debug|Any CPU = Debug|Any CPU
		Release|Any CPU = Release|Any CPU
	EndGlobalSection
	GlobalSection(ProjectConfigurationPlatforms) = postSolution
		{2EF0D838-D9F1-4787-A513-2383B2FEB63F}.Debug|Any CPU.ActiveCfg = Debug|Any CPU
		{2EF0D838-D9F1-4787-A513-2383B2FEB63F}.Debug|Any CPU.Build.0 = Debug|Any CPU
		{2EF0D838-D9F1-4787-A513-2383B2FEB63F}.Release|Any CPU.ActiveCfg = Release|Any CPU
		{2EF0D838-D9F1-4787-A513-2383B2FEB63F}.Release|Any CPU.Build.0 = Release|Any CPU
	EndGlobalSection
	GlobalSection(SolutionProperties) = preSolution
		HideSolutionNode = FALSE
	EndGlobalSection
EndGlobal
