
Microsoft Visual Studio Solution File, Format Version 12.00
# Visual Studio 14
VisualStudioVersion = 14.0.25123.0
MinimumVisualStudioVersion = 10.0.40219.1
Project("{FAE04EC0-301F-11D3-BF4B-00C04F79EFBC}") = "MultipleTechniques", "MultipleTechniques\MultipleTechniques.csproj", "{DC3B910B-CDB7-4FFE-B79E-CB53D2D9D422}"
EndProject
Project("{FAE04EC0-301F-11D3-BF4B-00C04F79EFBC}") = "CC", "CC\CC.csproj", "{379E7ACA-0BF7-427A-8EB2-7824ACC5D4AE}"
EndProject
Project("{FAE04EC0-301F-11D3-BF4B-00C04F79EFBC}") = "ReflectionExample", "ReflectionExample\ReflectionExample.csproj", "{81C816EB-E988-48D3-B93B-C992692098A8}"
EndProject
Global
	GlobalSection(SolutionConfigurationPlatforms) = preSolution
		Debug|Any CPU = Debug|Any CPU
		Release|Any CPU = Release|Any CPU
	EndGlobalSection
	GlobalSection(ProjectConfigurationPlatforms) = postSolution
		{DC3B910B-CDB7-4FFE-B79E-CB53D2D9D422}.Debug|Any CPU.ActiveCfg = Debug|Any CPU
		{DC3B910B-CDB7-4FFE-B79E-CB53D2D9D422}.Debug|Any CPU.Build.0 = Debug|Any CPU
		{DC3B910B-CDB7-4FFE-B79E-CB53D2D9D422}.Release|Any CPU.ActiveCfg = Release|Any CPU
		{DC3B910B-CDB7-4FFE-B79E-CB53D2D9D422}.Release|Any CPU.Build.0 = Release|Any CPU
		{379E7ACA-0BF7-427A-8EB2-7824ACC5D4AE}.Debug|Any CPU.ActiveCfg = Debug|Any CPU
		{379E7ACA-0BF7-427A-8EB2-7824ACC5D4AE}.Debug|Any CPU.Build.0 = Debug|Any CPU
		{379E7ACA-0BF7-427A-8EB2-7824ACC5D4AE}.Release|Any CPU.ActiveCfg = Release|Any CPU
		{379E7ACA-0BF7-427A-8EB2-7824ACC5D4AE}.Release|Any CPU.Build.0 = Release|Any CPU
		{81C816EB-E988-48D3-B93B-C992692098A8}.Debug|Any CPU.ActiveCfg = Debug|Any CPU
		{81C816EB-E988-48D3-B93B-C992692098A8}.Debug|Any CPU.Build.0 = Debug|Any CPU
		{81C816EB-E988-48D3-B93B-C992692098A8}.Release|Any CPU.ActiveCfg = Release|Any CPU
		{81C816EB-E988-48D3-B93B-C992692098A8}.Release|Any CPU.Build.0 = Release|Any CPU
	EndGlobalSection
	GlobalSection(SolutionProperties) = preSolution
		HideSolutionNode = FALSE
	EndGlobalSection
EndGlobal
